
Microsoft Visual Studio Solution File, Format Version 12.00
# Visual Studio Version 17
VisualStudioVersion = 17.5.33530.505
MinimumVisualStudioVersion = 10.0.40219.1
Project("{FAE04EC0-301F-11D3-BF4B-00C04F79EFBC}") = "Programming Assignment 2", "Programming Assignment 2\Programming Assignment 2.csproj", "{50AB115E-68FC-4F41-B672-72BC17C0635E}"
EndProject
Project("{2150E333-8FDC-42A3-9474-1A3956D46DE8}") = "Solution Items", "Solution Items", "{A99061BD-E1ED-45D5-964C-4DEC989AA627}"
EndProject
Global
	GlobalSection(SolutionConfigurationPlatforms) = preSolution
		Debug|Any CPU = Debug|Any CPU
		Release|Any CPU = Release|Any CPU
	EndGlobalSection
	GlobalSection(ProjectConfigurationPlatforms) = postSolution
		{50AB115E-68FC-4F41-B672-72BC17C0635E}.Debug|Any CPU.ActiveCfg = Debug|Any CPU
		{50AB115E-68FC-4F41-B672-72BC17C0635E}.Debug|Any CPU.Build.0 = Debug|Any CPU
		{50AB115E-68FC-4F41-B672-72BC17C0635E}.Release|Any CPU.ActiveCfg = Release|Any CPU
		{50AB115E-68FC-4F41-B672-72BC17C0635E}.Release|Any CPU.Build.0 = Release|Any CPU
	EndGlobalSection
	GlobalSection(SolutionProperties) = preSolution
		HideSolutionNode = FALSE
	EndGlobalSection
	GlobalSection(ExtensibilityGlobals) = postSolution
		SolutionGuid = {67E8C078-470B-4926-971C-291F1F59491F}
	EndGlobalSection
EndGlobal
